
Microsoft Visual Studio Solution File, Format Version 12.00
# Visual Studio Version 17
VisualStudioVersion = 17.8.34322.80
MinimumVisualStudioVersion = 10.0.40219.1
Project("{FAE04EC0-301F-11D3-BF4B-00C04F79EFBC}") = "autoUpdateTest", "autoUpdateTest\autoUpdateTest.csproj", "{3026F54A-BA26-49B1-9B2F-263D7903F2AB}"
EndProject
Global
	GlobalSection(SolutionConfigurationPlatforms) = preSolution
		Debug|Any CPU = Debug|Any CPU
		Release|Any CPU = Release|Any CPU
	EndGlobalSection
	GlobalSection(ProjectConfigurationPlatforms) = postSolution
		{3026F54A-BA26-49B1-9B2F-263D7903F2AB}.Debug|Any CPU.ActiveCfg = Debug|Any CPU
		{3026F54A-BA26-49B1-9B2F-263D7903F2AB}.Debug|Any CPU.Build.0 = Debug|Any CPU
		{3026F54A-BA26-49B1-9B2F-263D7903F2AB}.Release|Any CPU.ActiveCfg = Release|Any CPU
		{3026F54A-BA26-49B1-9B2F-263D7903F2AB}.Release|Any CPU.Build.0 = Release|Any CPU
	EndGlobalSection
	GlobalSection(SolutionProperties) = preSolution
		HideSolutionNode = FALSE
	EndGlobalSection
	GlobalSection(ExtensibilityGlobals) = postSolution
		SolutionGuid = {98447BF6-B2C2-41D7-882C-FF678382A3A7}
	EndGlobalSection
EndGlobal
